// !$*UTF8*$!
{
	archiveVersion = 1;
	classes = {
	};
	objectVersion = 48;
	objects = {

/* Begin PBXBuildFile section */
		010B0D0F1FB59335006C5DF0 /* AppDelegate.swift in Sources */ = {isa = PBXBuildFile; fileRef = 010B0D0E1FB59335006C5DF0 /* AppDelegate.swift */; };
		010B0D141FB59335006C5DF0 /* Main.storyboard in Resources */ = {isa = PBXBuildFile; fileRef = 010B0D121FB59335006C5DF0 /* Main.storyboard */; };
		010B0D161FB59336006C5DF0 /* Assets.xcassets in Resources */ = {isa = PBXBuildFile; fileRef = 010B0D151FB59336006C5DF0 /* Assets.xcassets */; };
		010B0D191FB59336006C5DF0 /* LaunchScreen.storyboard in Resources */ = {isa = PBXBuildFile; fileRef = 010B0D171FB59336006C5DF0 /* LaunchScreen.storyboard */; };
		01185FEC1FBB4C9B00FD920C /* ChatVC.swift in Sources */ = {isa = PBXBuildFile; fileRef = 01185FEB1FBB4C9B00FD920C /* ChatVC.swift */; };
		01185FEE1FBB4CB100FD920C /* ChannelVC.swift in Sources */ = {isa = PBXBuildFile; fileRef = 01185FED1FBB4CB100FD920C /* ChannelVC.swift */; };
		011F62BF1FBC9289006393B3 /* GradientView.swift in Sources */ = {isa = PBXBuildFile; fileRef = 011F62BE1FBC9289006393B3 /* GradientView.swift */; };
		017797F91FEAA237004CB610 /* AuthService.swift in Sources */ = {isa = PBXBuildFile; fileRef = 017797F81FEAA237004CB610 /* AuthService.swift */; };
		85421C8BE5D147EE2A3282B5 /* Pods_Smack.framework in Frameworks */ = {isa = PBXBuildFile; fileRef = 310CB8F89A12CA45BBC43513 /* Pods_Smack.framework */; };
		A36005481FC1605F002EBC85 /* CreateAccountVC.swift in Sources */ = {isa = PBXBuildFile; fileRef = A36005471FC1605F002EBC85 /* CreateAccountVC.swift */; };
		A3CD0EED1FC0182C00AA01FD /* Constants.swift in Sources */ = {isa = PBXBuildFile; fileRef = A3CD0EEC1FC0182C00AA01FD /* Constants.swift */; };
		A3CD0EEF1FC06B6200AA01FD /* LoginVC.swift in Sources */ = {isa = PBXBuildFile; fileRef = A3CD0EEE1FC06B6200AA01FD /* LoginVC.swift */; };
		A3D739C81FBB882F007A8BC5 /* SWRevealViewController.m in Sources */ = {isa = PBXBuildFile; fileRef = A3D739C71FBB882F007A8BC5 /* SWRevealViewController.m */; };
/* End PBXBuildFile section */

/* Begin PBXFileReference section */
		010B0D0B1FB59335006C5DF0 /* Smack.app */ = {isa = PBXFileReference; explicitFileType = wrapper.application; includeInIndex = 0; path = Smack.app; sourceTree = BUILT_PRODUCTS_DIR; };
		010B0D0E1FB59335006C5DF0 /* AppDelegate.swift */ = {isa = PBXFileReference; lastKnownFileType = sourcecode.swift; path = AppDelegate.swift; sourceTree = "<group>"; };
		010B0D131FB59335006C5DF0 /* Base */ = {isa = PBXFileReference; lastKnownFileType = file.storyboard; name = Base; path = Base.lproj/Main.storyboard; sourceTree = "<group>"; };
		010B0D151FB59336006C5DF0 /* Assets.xcassets */ = {isa = PBXFileReference; lastKnownFileType = folder.assetcatalog; path = Assets.xcassets; sourceTree = "<group>"; };
		010B0D181FB59336006C5DF0 /* Base */ = {isa = PBXFileReference; lastKnownFileType = file.storyboard; name = Base; path = Base.lproj/LaunchScreen.storyboard; sourceTree = "<group>"; };
		010B0D1A1FB59336006C5DF0 /* Info.plist */ = {isa = PBXFileReference; lastKnownFileType = text.plist.xml; path = Info.plist; sourceTree = "<group>"; };
		01185FEB1FBB4C9B00FD920C /* ChatVC.swift */ = {isa = PBXFileReference; lastKnownFileType = sourcecode.swift; path = ChatVC.swift; sourceTree = "<group>"; };
		01185FED1FBB4CB100FD920C /* ChannelVC.swift */ = {isa = PBXFileReference; lastKnownFileType = sourcecode.swift; path = ChannelVC.swift; sourceTree = "<group>"; };
		011F62BE1FBC9289006393B3 /* GradientView.swift */ = {isa = PBXFileReference; lastKnownFileType = sourcecode.swift; path = GradientView.swift; sourceTree = "<group>"; };
		017797F81FEAA237004CB610 /* AuthService.swift */ = {isa = PBXFileReference; lastKnownFileType = sourcecode.swift; path = AuthService.swift; sourceTree = "<group>"; };
		310CB8F89A12CA45BBC43513 /* Pods_Smack.framework */ = {isa = PBXFileReference; explicitFileType = wrapper.framework; includeInIndex = 0; path = Pods_Smack.framework; sourceTree = BUILT_PRODUCTS_DIR; };
		3DD4DC3BDAD1F8F34FBA540A /* Pods-Smack.debug.xcconfig */ = {isa = PBXFileReference; includeInIndex = 1; lastKnownFileType = text.xcconfig; name = "Pods-Smack.debug.xcconfig"; path = "Pods/Target Support Files/Pods-Smack/Pods-Smack.debug.xcconfig"; sourceTree = "<group>"; };
		A36005471FC1605F002EBC85 /* CreateAccountVC.swift */ = {isa = PBXFileReference; lastKnownFileType = sourcecode.swift; path = CreateAccountVC.swift; sourceTree = "<group>"; };
		A3CD0EEC1FC0182C00AA01FD /* Constants.swift */ = {isa = PBXFileReference; lastKnownFileType = sourcecode.swift; path = Constants.swift; sourceTree = "<group>"; };
		A3CD0EEE1FC06B6200AA01FD /* LoginVC.swift */ = {isa = PBXFileReference; lastKnownFileType = sourcecode.swift; path = LoginVC.swift; sourceTree = "<group>"; };
		A3D739C61FBB882E007A8BC5 /* SWRevealViewController.h */ = {isa = PBXFileReference; fileEncoding = 4; lastKnownFileType = sourcecode.c.h; path = SWRevealViewController.h; sourceTree = "<group>"; };
		A3D739C71FBB882F007A8BC5 /* SWRevealViewController.m */ = {isa = PBXFileReference; fileEncoding = 4; lastKnownFileType = sourcecode.c.objc; path = SWRevealViewController.m; sourceTree = "<group>"; };
		A3D739C91FBB8873007A8BC5 /* SWReveal-Bridging-Header.h */ = {isa = PBXFileReference; lastKnownFileType = sourcecode.c.h; path = "SWReveal-Bridging-Header.h"; sourceTree = "<group>"; };
		B07CB555DFD1EF07635DA2B3 /* Pods-Smack.release.xcconfig */ = {isa = PBXFileReference; includeInIndex = 1; lastKnownFileType = text.xcconfig; name = "Pods-Smack.release.xcconfig"; path = "Pods/Target Support Files/Pods-Smack/Pods-Smack.release.xcconfig"; sourceTree = "<group>"; };
/* End PBXFileReference section */

/* Begin PBXFrameworksBuildPhase section */
		010B0D081FB59335006C5DF0 /* Frameworks */ = {
			isa = PBXFrameworksBuildPhase;
			buildActionMask = 2147483647;
			files = (
				85421C8BE5D147EE2A3282B5 /* Pods_Smack.framework in Frameworks */,
			);
			runOnlyForDeploymentPostprocessing = 0;
		};
/* End PBXFrameworksBuildPhase section */

/* Begin PBXGroup section */
		010B0D021FB59335006C5DF0 = {
			isa = PBXGroup;
			children = (
				010B0D0D1FB59335006C5DF0 /* Smack */,
				010B0D0C1FB59335006C5DF0 /* Products */,
				D35123CF262C282781A334B2 /* Pods */,
				BE7D4AA001C057C010AF32F4 /* Frameworks */,
			);
			sourceTree = "<group>";
		};
		010B0D0C1FB59335006C5DF0 /* Products */ = {
			isa = PBXGroup;
			children = (
				010B0D0B1FB59335006C5DF0 /* Smack.app */,
			);
			name = Products;
			sourceTree = "<group>";
		};
		010B0D0D1FB59335006C5DF0 /* Smack */ = {
			isa = PBXGroup;
			children = (
				017797F71FEAA202004CB610 /* Services */,
				A3CD0EEB1FC0181300AA01FD /* Utilities */,
				011F62BD1FBC9275006393B3 /* Model */,
				011F62BC1FBC926D006393B3 /* View */,
				01185FEA1FBB4C4000FD920C /* Controller */,
				01185FE31FB5AFBD00FD920C /* Supporting Files */,
				010B0D0E1FB59335006C5DF0 /* AppDelegate.swift */,
				010B0D121FB59335006C5DF0 /* Main.storyboard */,
				010B0D151FB59336006C5DF0 /* Assets.xcassets */,
				010B0D171FB59336006C5DF0 /* LaunchScreen.storyboard */,
				010B0D1A1FB59336006C5DF0 /* Info.plist */,
			);
			path = Smack;
			sourceTree = "<group>";
		};
		01185FE31FB5AFBD00FD920C /* Supporting Files */ = {
			isa = PBXGroup;
			children = (
				A3D739C61FBB882E007A8BC5 /* SWRevealViewController.h */,
				A3D739C71FBB882F007A8BC5 /* SWRevealViewController.m */,
				A3D739C91FBB8873007A8BC5 /* SWReveal-Bridging-Header.h */,
			);
			path = "Supporting Files";
			sourceTree = "<group>";
		};
		01185FEA1FBB4C4000FD920C /* Controller */ = {
			isa = PBXGroup;
			children = (
				01185FEB1FBB4C9B00FD920C /* ChatVC.swift */,
				01185FED1FBB4CB100FD920C /* ChannelVC.swift */,
				A3CD0EEE1FC06B6200AA01FD /* LoginVC.swift */,
				A36005471FC1605F002EBC85 /* CreateAccountVC.swift */,
			);
			path = Controller;
			sourceTree = "<group>";
		};
		011F62BC1FBC926D006393B3 /* View */ = {
			isa = PBXGroup;
			children = (
				011F62BE1FBC9289006393B3 /* GradientView.swift */,
			);
			path = View;
			sourceTree = "<group>";
		};
		011F62BD1FBC9275006393B3 /* Model */ = {
			isa = PBXGroup;
			children = (
			);
			path = Model;
			sourceTree = "<group>";
		};
		017797F71FEAA202004CB610 /* Services */ = {
			isa = PBXGroup;
			children = (
				017797F81FEAA237004CB610 /* AuthService.swift */,
			);
			path = Services;
			sourceTree = "<group>";
		};
		A3CD0EEB1FC0181300AA01FD /* Utilities */ = {
			isa = PBXGroup;
			children = (
				A3CD0EEC1FC0182C00AA01FD /* Constants.swift */,
			);
			path = Utilities;
			sourceTree = "<group>";
		};
		BE7D4AA001C057C010AF32F4 /* Frameworks */ = {
			isa = PBXGroup;
			children = (
				310CB8F89A12CA45BBC43513 /* Pods_Smack.framework */,
			);
			name = Frameworks;
			sourceTree = "<group>";
		};
		D35123CF262C282781A334B2 /* Pods */ = {
			isa = PBXGroup;
			children = (
				3DD4DC3BDAD1F8F34FBA540A /* Pods-Smack.debug.xcconfig */,
				B07CB555DFD1EF07635DA2B3 /* Pods-Smack.release.xcconfig */,
			);
			name = Pods;
			sourceTree = "<group>";
		};
/* End PBXGroup section */

/* Begin PBXNativeTarget section */
		010B0D0A1FB59335006C5DF0 /* Smack */ = {
			isa = PBXNativeTarget;
			buildConfigurationList = 010B0D1D1FB59336006C5DF0 /* Build configuration list for PBXNativeTarget "Smack" */;
			buildPhases = (
				79D599A1536234FD2AFF89E5 /* [CP] Check Pods Manifest.lock */,
				010B0D071FB59335006C5DF0 /* Sources */,
				010B0D081FB59335006C5DF0 /* Frameworks */,
				010B0D091FB59335006C5DF0 /* Resources */,
				8573AA110D0C56A89E60360B /* [CP] Embed Pods Frameworks */,
				8F82683E84EAF30C5CBE4A85 /* [CP] Copy Pods Resources */,
			);
			buildRules = (
			);
			dependencies = (
			);
			name = Smack;
			productName = Smack;
			productReference = 010B0D0B1FB59335006C5DF0 /* Smack.app */;
			productType = "com.apple.product-type.application";
		};
/* End PBXNativeTarget section */

/* Begin PBXProject section */
		010B0D031FB59335006C5DF0 /* Project object */ = {
			isa = PBXProject;
			attributes = {
				LastSwiftUpdateCheck = 0910;
				LastUpgradeCheck = 0910;
				ORGANIZATIONNAME = OlegDev;
				TargetAttributes = {
					010B0D0A1FB59335006C5DF0 = {
						CreatedOnToolsVersion = 9.1;
						LastSwiftMigration = 0910;
						ProvisioningStyle = Automatic;
					};
				};
			};
			buildConfigurationList = 010B0D061FB59335006C5DF0 /* Build configuration list for PBXProject "Smack" */;
			compatibilityVersion = "Xcode 8.0";
			developmentRegion = en;
			hasScannedForEncodings = 0;
			knownRegions = (
				en,
				Base,
			);
			mainGroup = 010B0D021FB59335006C5DF0;
			productRefGroup = 010B0D0C1FB59335006C5DF0 /* Products */;
			projectDirPath = "";
			projectRoot = "";
			targets = (
				010B0D0A1FB59335006C5DF0 /* Smack */,
			);
		};
/* End PBXProject section */

/* Begin PBXResourcesBuildPhase section */
		010B0D091FB59335006C5DF0 /* Resources */ = {
			isa = PBXResourcesBuildPhase;
			buildActionMask = 2147483647;
			files = (
				010B0D191FB59336006C5DF0 /* LaunchScreen.storyboard in Resources */,
				010B0D161FB59336006C5DF0 /* Assets.xcassets in Resources */,
				010B0D141FB59335006C5DF0 /* Main.storyboard in Resources */,
			);
			runOnlyForDeploymentPostprocessing = 0;
		};
/* End PBXResourcesBuildPhase section */

/* Begin PBXShellScriptBuildPhase section */
		79D599A1536234FD2AFF89E5 /* [CP] Check Pods Manifest.lock */ = {
			isa = PBXShellScriptBuildPhase;
			buildActionMask = 2147483647;
			files = (
			);
			inputPaths = (
			);
			name = "[CP] Check Pods Manifest.lock";
			outputPaths = (
			);
			runOnlyForDeploymentPostprocessing = 0;
			shellPath = /bin/sh;
			shellScript = "diff \"${PODS_ROOT}/../Podfile.lock\" \"${PODS_ROOT}/Manifest.lock\" > /dev/null\nif [ $? != 0 ] ; then\n    # print error to STDERR\n    echo \"error: The sandbox is not in sync with the Podfile.lock. Run 'pod install' or update your CocoaPods installation.\" >&2\n    exit 1\nfi\n";
			showEnvVarsInLog = 0;
		};
		8573AA110D0C56A89E60360B /* [CP] Embed Pods Frameworks */ = {
			isa = PBXShellScriptBuildPhase;
			buildActionMask = 2147483647;
			files = (
			);
			inputPaths = (
			);
			name = "[CP] Embed Pods Frameworks";
			outputPaths = (
			);
			runOnlyForDeploymentPostprocessing = 0;
			shellPath = /bin/sh;
			shellScript = "\"${SRCROOT}/Pods/Target Support Files/Pods-Smack/Pods-Smack-frameworks.sh\"\n";
			showEnvVarsInLog = 0;
		};
		8F82683E84EAF30C5CBE4A85 /* [CP] Copy Pods Resources */ = {
			isa = PBXShellScriptBuildPhase;
			buildActionMask = 2147483647;
			files = (
			);
			inputPaths = (
			);
			name = "[CP] Copy Pods Resources";
			outputPaths = (
			);
			runOnlyForDeploymentPostprocessing = 0;
			shellPath = /bin/sh;
			shellScript = "\"${SRCROOT}/Pods/Target Support Files/Pods-Smack/Pods-Smack-resources.sh\"\n";
			showEnvVarsInLog = 0;
		};
/* End PBXShellScriptBuildPhase section */

/* Begin PBXSourcesBuildPhase section */
		010B0D071FB59335006C5DF0 /* Sources */ = {
			isa = PBXSourcesBuildPhase;
			buildActionMask = 2147483647;
			files = (
				01185FEE1FBB4CB100FD920C /* ChannelVC.swift in Sources */,
				01185FEC1FBB4C9B00FD920C /* ChatVC.swift in Sources */,
				A36005481FC1605F002EBC85 /* CreateAccountVC.swift in Sources */,
				A3CD0EEF1FC06B6200AA01FD /* LoginVC.swift in Sources */,
				011F62BF1FBC9289006393B3 /* GradientView.swift in Sources */,
				010B0D0F1FB59335006C5DF0 /* AppDelegate.swift in Sources */,
				A3D739C81FBB882F007A8BC5 /* SWRevealViewController.m in Sources */,
				A3CD0EED1FC0182C00AA01FD /* Constants.swift in Sources */,
				017797F91FEAA237004CB610 /* AuthService.swift in Sources */,
			);
			runOnlyForDeploymentPostprocessing = 0;
		};
/* End PBXSourcesBuildPhase section */

/* Begin PBXVariantGroup section */
		010B0D121FB59335006C5DF0 /* Main.storyboard */ = {
			isa = PBXVariantGroup;
			children = (
				010B0D131FB59335006C5DF0 /* Base */,
			);
			name = Main.storyboard;
			sourceTree = "<group>";
		};
		010B0D171FB59336006C5DF0 /* LaunchScreen.storyboard */ = {
			isa = PBXVariantGroup;
			children = (
				010B0D181FB59336006C5DF0 /* Base */,
			);
			name = LaunchScreen.storyboard;
			sourceTree = "<group>";
		};
/* End PBXVariantGroup section */

/* Begin XCBuildConfiguration section */
		010B0D1B1FB59336006C5DF0 /* Debug */ = {
			isa = XCBuildConfiguration;
			buildSettings = {
				ALWAYS_SEARCH_USER_PATHS = NO;
				CLANG_ANALYZER_NONNULL = YES;
				CLANG_ANALYZER_NUMBER_OBJECT_CONVERSION = YES_AGGRESSIVE;
				CLANG_CXX_LANGUAGE_STANDARD = "gnu++14";
				CLANG_CXX_LIBRARY = "libc++";
				CLANG_ENABLE_MODULES = YES;
				CLANG_ENABLE_OBJC_ARC = YES;
				CLANG_WARN_BLOCK_CAPTURE_AUTORELEASING = YES;
				CLANG_WARN_BOOL_CONVERSION = YES;
				CLANG_WARN_COMMA = YES;
				CLANG_WARN_CONSTANT_CONVERSION = YES;
				CLANG_WARN_DIRECT_OBJC_ISA_USAGE = YES_ERROR;
				CLANG_WARN_DOCUMENTATION_COMMENTS = YES;
				CLANG_WARN_EMPTY_BODY = YES;
				CLANG_WARN_ENUM_CONVERSION = YES;
				CLANG_WARN_INFINITE_RECURSION = YES;
				CLANG_WARN_INT_CONVERSION = YES;
				CLANG_WARN_NON_LITERAL_NULL_CONVERSION = YES;
				CLANG_WARN_OBJC_LITERAL_CONVERSION = YES;
				CLANG_WARN_OBJC_ROOT_CLASS = YES_ERROR;
				CLANG_WARN_RANGE_LOOP_ANALYSIS = YES;
				CLANG_WARN_STRICT_PROTOTYPES = YES;
				CLANG_WARN_SUSPICIOUS_MOVE = YES;
				CLANG_WARN_UNGUARDED_AVAILABILITY = YES_AGGRESSIVE;
				CLANG_WARN_UNREACHABLE_CODE = YES;
				CLANG_WARN__DUPLICATE_METHOD_MATCH = YES;
				CODE_SIGN_IDENTITY = "iPhone Developer";
				COPY_PHASE_STRIP = NO;
				DEBUG_INFORMATION_FORMAT = dwarf;
				ENABLE_STRICT_OBJC_MSGSEND = YES;
				ENABLE_TESTABILITY = YES;
				GCC_C_LANGUAGE_STANDARD = gnu11;
				GCC_DYNAMIC_NO_PIC = NO;
				GCC_NO_COMMON_BLOCKS = YES;
				GCC_OPTIMIZATION_LEVEL = 0;
				GCC_PREPROCESSOR_DEFINITIONS = (
					"DEBUG=1",
					"$(inherited)",
				);
				GCC_WARN_64_TO_32_BIT_CONVERSION = YES;
				GCC_WARN_ABOUT_RETURN_TYPE = YES_ERROR;
				GCC_WARN_UNDECLARED_SELECTOR = YES;
				GCC_WARN_UNINITIALIZED_AUTOS = YES_AGGRESSIVE;
				GCC_WARN_UNUSED_FUNCTION = YES;
				GCC_WARN_UNUSED_VARIABLE = YES;
				IPHONEOS_DEPLOYMENT_TARGET = 11.1;
				MTL_ENABLE_DEBUG_INFO = YES;
				ONLY_ACTIVE_ARCH = YES;
				SDKROOT = iphoneos;
				SWIFT_ACTIVE_COMPILATION_CONDITIONS = DEBUG;
				SWIFT_OPTIMIZATION_LEVEL = "-Onone";
			};
			name = Debug;
		};
		010B0D1C1FB59336006C5DF0 /* Release */ = {
			isa = XCBuildConfiguration;
			buildSettings = {
				ALWAYS_SEARCH_USER_PATHS = NO;
				CLANG_ANALYZER_NONNULL = YES;
				CLANG_ANALYZER_NUMBER_OBJECT_CONVERSION = YES_AGGRESSIVE;
				CLANG_CXX_LANGUAGE_STANDARD = "gnu++14";
				CLANG_CXX_LIBRARY = "libc++";
				CLANG_ENABLE_MODULES = YES;
				CLANG_ENABLE_OBJC_ARC = YES;
				CLANG_WARN_BLOCK_CAPTURE_AUTORELEASING = YES;
				CLANG_WARN_BOOL_CONVERSION = YES;
				CLANG_WARN_COMMA = YES;
				CLANG_WARN_CONSTANT_CONVERSION = YES;
				CLANG_WARN_DIRECT_OBJC_ISA_USAGE = YES_ERROR;
				CLANG_WARN_DOCUMENTATION_COMMENTS = YES;
				CLANG_WARN_EMPTY_BODY = YES;
				CLANG_WARN_ENUM_CONVERSION = YES;
				CLANG_WARN_INFINITE_RECURSION = YES;
				CLANG_WARN_INT_CONVERSION = YES;
				CLANG_WARN_NON_LITERAL_NULL_CONVERSION = YES;
				CLANG_WARN_OBJC_LITERAL_CONVERSION = YES;
				CLANG_WARN_OBJC_ROOT_CLASS = YES_ERROR;
				CLANG_WARN_RANGE_LOOP_ANALYSIS = YES;
				CLANG_WARN_STRICT_PROTOTYPES = YES;
				CLANG_WARN_SUSPICIOUS_MOVE = YES;
				CLANG_WARN_UNGUARDED_AVAILABILITY = YES_AGGRESSIVE;
				CLANG_WARN_UNREACHABLE_CODE = YES;
				CLANG_WARN__DUPLICATE_METHOD_MATCH = YES;
				CODE_SIGN_IDENTITY = "iPhone Developer";
				COPY_PHASE_STRIP = NO;
				DEBUG_INFORMATION_FORMAT = "dwarf-with-dsym";
				ENABLE_NS_ASSERTIONS = NO;
				ENABLE_STRICT_OBJC_MSGSEND = YES;
				GCC_C_LANGUAGE_STANDARD = gnu11;
				GCC_NO_COMMON_BLOCKS = YES;
				GCC_WARN_64_TO_32_BIT_CONVERSION = YES;
				GCC_WARN_ABOUT_RETURN_TYPE = YES_ERROR;
				GCC_WARN_UNDECLARED_SELECTOR = YES;
				GCC_WARN_UNINITIALIZED_AUTOS = YES_AGGRESSIVE;
				GCC_WARN_UNUSED_FUNCTION = YES;
				GCC_WARN_UNUSED_VARIABLE = YES;
				IPHONEOS_DEPLOYMENT_TARGET = 11.1;
				MTL_ENABLE_DEBUG_INFO = NO;
				SDKROOT = iphoneos;
				SWIFT_OPTIMIZATION_LEVEL = "-Owholemodule";
				VALIDATE_PRODUCT = YES;
			};
			name = Release;
		};
		010B0D1E1FB59336006C5DF0 /* Debug */ = {
			isa = XCBuildConfiguration;
			baseConfigurationReference = 3DD4DC3BDAD1F8F34FBA540A /* Pods-Smack.debug.xcconfig */;
			buildSettings = {
				ASSETCATALOG_COMPILER_APPICON_NAME = AppIcon;
				CLANG_ENABLE_MODULES = YES;
				CODE_SIGN_STYLE = Automatic;
				INFOPLIST_FILE = Smack/Info.plist;
				IPHONEOS_DEPLOYMENT_TARGET = 11.0;
				LD_RUNPATH_SEARCH_PATHS = "$(inherited) @executable_path/Frameworks";
				PRODUCT_BUNDLE_IDENTIFIER = trueDevelopers.Smack;
				PRODUCT_NAME = "$(TARGET_NAME)";
				SWIFT_OBJC_BRIDGING_HEADER = "./Smack/Supporting Files/SWReveal-Bridging-Header.h";
				SWIFT_OPTIMIZATION_LEVEL = "-Onone";
				SWIFT_VERSION = 4.0;
				TARGETED_DEVICE_FAMILY = "1,2";
			};
			name = Debug;
		};
		010B0D1F1FB59336006C5DF0 /* Release */ = {
			isa = XCBuildConfiguration;
			baseConfigurationReference = B07CB555DFD1EF07635DA2B3 /* Pods-Smack.release.xcconfig */;
			buildSettings = {
				ASSETCATALOG_COMPILER_APPICON_NAME = AppIcon;
				CLANG_ENABLE_MODULES = YES;
				CODE_SIGN_STYLE = Automatic;
				INFOPLIST_FILE = Smack/Info.plist;
				IPHONEOS_DEPLOYMENT_TARGET = 11.0;
				LD_RUNPATH_SEARCH_PATHS = "$(inherited) @executable_path/Frameworks";
				PRODUCT_BUNDLE_IDENTIFIER = trueDevelopers.Smack;
				PRODUCT_NAME = "$(TARGET_NAME)";
				SWIFT_OBJC_BRIDGING_HEADER = "./Smack/Supporting Files/SWReveal-Bridging-Header.h";
				SWIFT_VERSION = 4.0;
				TARGETED_DEVICE_FAMILY = "1,2";
			};
			name = Release;
		};
/* End XCBuildConfiguration section */

/* Begin XCConfigurationList section */
		010B0D061FB59335006C5DF0 /* Build configuration list for PBXProject "Smack" */ = {
			isa = XCConfigurationList;
			buildConfigurations = (
				010B0D1B1FB59336006C5DF0 /* Debug */,
				010B0D1C1FB59336006C5DF0 /* Release */,
			);
			defaultConfigurationIsVisible = 0;
			defaultConfigurationName = Release;
		};
		010B0D1D1FB59336006C5DF0 /* Build configuration list for PBXNativeTarget "Smack" */ = {
			isa = XCConfigurationList;
			buildConfigurations = (
				010B0D1E1FB59336006C5DF0 /* Debug */,
				010B0D1F1FB59336006C5DF0 /* Release */,
			);
			defaultConfigurationIsVisible = 0;
			defaultConfigurationName = Release;
		};
/* End XCConfigurationList section */
	};
	rootObject = 010B0D031FB59335006C5DF0 /* Project object */;
}
